
Microsoft Visual Studio Solution File, Format Version 11.00
# Visual Studio 2010
Project("{FAE04EC0-301F-11D3-BF4B-00C04F79EFBC}") = "Assembly-CSharp", "Assembly-CSharp.csproj", "{e720b6a5-61df-722f-ea25-34a378d3403d}"
EndProject
Project("{FAE04EC0-301F-11D3-BF4B-00C04F79EFBC}") = "Assembly-CSharp-Editor", "Assembly-CSharp-Editor.csproj", "{fa460744-5d3c-7ad7-97e9-2a094ea791e0}"
EndProject
Global
	GlobalSection(SolutionConfigurationPlatforms) = preSolution
		Debug|Any CPU = Debug|Any CPU
	EndGlobalSection
	GlobalSection(ProjectConfigurationPlatforms) = postSolution
		{e720b6a5-61df-722f-ea25-34a378d3403d}.Debug|Any CPU.ActiveCfg = Debug|Any CPU
		{e720b6a5-61df-722f-ea25-34a378d3403d}.Debug|Any CPU.Build.0 = Debug|Any CPU
		{fa460744-5d3c-7ad7-97e9-2a094ea791e0}.Debug|Any CPU.ActiveCfg = Debug|Any CPU
		{fa460744-5d3c-7ad7-97e9-2a094ea791e0}.Debug|Any CPU.Build.0 = Debug|Any CPU
	EndGlobalSection
	GlobalSection(SolutionProperties) = preSolution
		HideSolutionNode = FALSE
	EndGlobalSection
EndGlobal
